// !$*UTF8*$!
{
	archiveVersion = 1;
	classes = {};
	objectVersion = 56;
	objects = {
		045C2AF15AEBCE08607170F4 /* ApiClient.swift */ = {isa = PBXFileReference; lastKnownFileType = sourcecode.swift; path = ApiClient.swift; sourceTree = "<group>"; };
		D1ECCB0D8DAC48B33EFECE2E /* FriendView.swift */ = {isa = PBXFileReference; lastKnownFileType = sourcecode.swift; path = FriendView.swift; sourceTree = "<group>"; };
		A70845CFD7400B3B59C87898 /* ChatView.swift */ = {isa = PBXFileReference; lastKnownFileType = sourcecode.swift; path = ChatView.swift; sourceTree = "<group>"; };
		9D0A9F282F7814C50F2BDC3A /* LoginView.swift */ = {isa = PBXFileReference; lastKnownFileType = sourcecode.swift; path = LoginView.swift; sourceTree = "<group>"; };
		C22586ABB49CABC9DB8DB398 /* Models.swift */ = {isa = PBXFileReference; lastKnownFileType = sourcecode.swift; path = Models.swift; sourceTree = "<group>"; };
		A5D5D8711C84DF55641E269D /* AdminView.swift */ = {isa = PBXFileReference; lastKnownFileType = sourcecode.swift; path = AdminView.swift; sourceTree = "<group>"; };
		A9552D4A8A30AF0A33E67D22 /* ChatApp.swift */ = {isa = PBXFileReference; lastKnownFileType = sourcecode.swift; path = ChatApp.swift; sourceTree = "<group>"; };
		A005233CDC4F1A350EC02FED /* JsonHelper.swift */ = {isa = PBXFileReference; lastKnownFileType = sourcecode.swift; path = JsonHelper.swift; sourceTree = "<group>"; };
		D68C6A375BB47641F83E4D10 /* ConversationView.swift */ = {isa = PBXFileReference; lastKnownFileType = sourcecode.swift; path = ConversationView.swift; sourceTree = "<group>"; };
		5E3E009C81585DB172C5C420 /* Groupmembersview.swift */ = {isa = PBXFileReference; lastKnownFileType = sourcecode.swift; path = Groupmembersview.swift; sourceTree = "<group>"; };
		EE92ED5C3B867CF22750ED2C /* ChatForegroundservice.swift */ = {isa = PBXFileReference; lastKnownFileType = sourcecode.swift; path = ChatForegroundservice.swift; sourceTree = "<group>"; };
		65D9A235B7B613D96A0E6A1C /* Session.swift */ = {isa = PBXFileReference; lastKnownFileType = sourcecode.swift; path = Session.swift; sourceTree = "<group>"; };
		C0F1C2D3E4F5061728394A5B /* Config.swift */ = {isa = PBXFileReference; lastKnownFileType = sourcecode.swift; path = Config.swift; sourceTree = "<group>"; };
		356FE0D8E7C1532861F53BE3 /* AppState.swift */ = {isa = PBXFileReference; lastKnownFileType = sourcecode.swift; path = AppState.swift; sourceTree = "<group>"; };
		5BB503EFE267960193668CD8 /* Notificationhelper.swift */ = {isa = PBXFileReference; lastKnownFileType = sourcecode.swift; path = Notificationhelper.swift; sourceTree = "<group>"; };
		FC8978ACB4B368F24E094040 /* Wsmanager.swift */ = {isa = PBXFileReference; lastKnownFileType = sourcecode.swift; path = Wsmanager.swift; sourceTree = "<group>"; };
		F5BF48AA40CAD7891EB709FC /* ChatApp.app */ = {isa = PBXFileReference; explicitFileType = wrapper.application; includeInIndex = 0; path = ChatApp.app; sourceTree = BUILT_PRODUCTS_DIR; };
		621BB730AB40F52995BF80E9 /* ApiClient.swift in Sources */ = {isa = PBXBuildFile; fileRef = 045C2AF15AEBCE08607170F4 /* ApiClient.swift */; };
		B900281683602E7139442F33 /* FriendView.swift in Sources */ = {isa = PBXBuildFile; fileRef = D1ECCB0D8DAC48B33EFECE2E /* FriendView.swift */; };
		0312A10C8EDA3EB86B749C96 /* ChatView.swift in Sources */ = {isa = PBXBuildFile; fileRef = A70845CFD7400B3B59C87898 /* ChatView.swift */; };
		D1D2DD600677832451AF2293 /* LoginView.swift in Sources */ = {isa = PBXBuildFile; fileRef = 9D0A9F282F7814C50F2BDC3A /* LoginView.swift */; };
		7FCA99F642FA2B3B5E5281AC /* Models.swift in Sources */ = {isa = PBXBuildFile; fileRef = C22586ABB49CABC9DB8DB398 /* Models.swift */; };
		BB19CC37AAE38FB3C1F4E383 /* AdminView.swift in Sources */ = {isa = PBXBuildFile; fileRef = A5D5D8711C84DF55641E269D /* AdminView.swift */; };
		E81C01A8C6F05A3FA5C2ACDE /* ChatApp.swift in Sources */ = {isa = PBXBuildFile; fileRef = A9552D4A8A30AF0A33E67D22 /* ChatApp.swift */; };
		D7E8578E84D4D6560A88A1EB /* JsonHelper.swift in Sources */ = {isa = PBXBuildFile; fileRef = A005233CDC4F1A350EC02FED /* JsonHelper.swift */; };
		2A733AFD92EA38171F747E14 /* ConversationView.swift in Sources */ = {isa = PBXBuildFile; fileRef = D68C6A375BB47641F83E4D10 /* ConversationView.swift */; };
		5BC641A53D25C918B5D076FE /* Groupmembersview.swift in Sources */ = {isa = PBXBuildFile; fileRef = 5E3E009C81585DB172C5C420 /* Groupmembersview.swift */; };
		D520450E5D30A827C6A40B26 /* ChatForegroundservice.swift in Sources */ = {isa = PBXBuildFile; fileRef = EE92ED5C3B867CF22750ED2C /* ChatForegroundservice.swift */; };
		E7651AE15CAE7D0469AFBB1B /* Session.swift in Sources */ = {isa = PBXBuildFile; fileRef = 65D9A235B7B613D96A0E6A1C /* Session.swift */; };
		C0F1C2D3E4F5061728394A5C /* Config.swift in Sources */ = {isa = PBXBuildFile; fileRef = C0F1C2D3E4F5061728394A5B /* Config.swift */; };
		2C3D51BA001EFA78B9F18FF8 /* AppState.swift in Sources */ = {isa = PBXBuildFile; fileRef = 356FE0D8E7C1532861F53BE3 /* AppState.swift */; };
		F0B11FF57117A1688659F82F /* Notificationhelper.swift in Sources */ = {isa = PBXBuildFile; fileRef = 5BB503EFE267960193668CD8 /* Notificationhelper.swift */; };
		8718A166E0815BB39FE760EB /* Wsmanager.swift in Sources */ = {isa = PBXBuildFile; fileRef = FC8978ACB4B368F24E094040 /* Wsmanager.swift */; };
		F2AB5FB218DA8B84623F4557 /* Sources */ = {isa = PBXSourcesBuildPhase; buildActionMask = 2147483647; files = (
			621BB730AB40F52995BF80E9 /* ApiClient.swift in Sources */,
			B900281683602E7139442F33 /* FriendView.swift in Sources */,
			0312A10C8EDA3EB86B749C96 /* ChatView.swift in Sources */,
			D1D2DD600677832451AF2293 /* LoginView.swift in Sources */,
			7FCA99F642FA2B3B5E5281AC /* Models.swift in Sources */,
			BB19CC37AAE38FB3C1F4E383 /* AdminView.swift in Sources */,
			E81C01A8C6F05A3FA5C2ACDE /* ChatApp.swift in Sources */,
			D7E8578E84D4D6560A88A1EB /* JsonHelper.swift in Sources */,
			2A733AFD92EA38171F747E14 /* ConversationView.swift in Sources */,
			5BC641A53D25C918B5D076FE /* Groupmembersview.swift in Sources */,
			D520450E5D30A827C6A40B26 /* ChatForegroundservice.swift in Sources */,
			E7651AE15CAE7D0469AFBB1B /* Session.swift in Sources */,
			C0F1C2D3E4F5061728394A5C /* Config.swift in Sources */,
			2C3D51BA001EFA78B9F18FF8 /* AppState.swift in Sources */,
			F0B11FF57117A1688659F82F /* Notificationhelper.swift in Sources */,
			8718A166E0815BB39FE760EB /* Wsmanager.swift in Sources */,
		); runOnlyForDeploymentPostprocessing = 0; };
		55B558C7EF820E6E00E5993B /* Resources */ = {isa = PBXResourcesBuildPhase; buildActionMask = 2147483647; files = (); runOnlyForDeploymentPostprocessing = 0; };
		4F6F5CC3FCCF73F75AE9CCF4 /* Frameworks */ = {isa = PBXFrameworksBuildPhase; buildActionMask = 2147483647; files = (); runOnlyForDeploymentPostprocessing = 0; };
		DB0F6F37EBEB6EA094891243 /* ChatApp */ = {isa = PBXGroup; children = (
			045C2AF15AEBCE08607170F4 /* ApiClient.swift */,
			D1ECCB0D8DAC48B33EFECE2E /* FriendView.swift */,
			A70845CFD7400B3B59C87898 /* ChatView.swift */,
			9D0A9F282F7814C50F2BDC3A /* LoginView.swift */,
			C22586ABB49CABC9DB8DB398 /* Models.swift */,
			A5D5D8711C84DF55641E269D /* AdminView.swift */,
			A9552D4A8A30AF0A33E67D22 /* ChatApp.swift */,
			A005233CDC4F1A350EC02FED /* JsonHelper.swift */,
			D68C6A375BB47641F83E4D10 /* ConversationView.swift */,
			5E3E009C81585DB172C5C420 /* Groupmembersview.swift */,
			EE92ED5C3B867CF22750ED2C /* ChatForegroundservice.swift */,
			65D9A235B7B613D96A0E6A1C /* Session.swift */,
			C0F1C2D3E4F5061728394A5B /* Config.swift */,
			356FE0D8E7C1532861F53BE3 /* AppState.swift */,
			5BB503EFE267960193668CD8 /* Notificationhelper.swift */,
			FC8978ACB4B368F24E094040 /* Wsmanager.swift */,
		); path = ChatApp; sourceTree = "<group>"; };
		86024CAD1E83101D97359D73 /* Products */ = {isa = PBXGroup; children = (F5BF48AA40CAD7891EB709FC /* ChatApp.app */,); name = Products; sourceTree = "<group>"; };
		71307F56FE0F050CBFE8BD6D /* Debug */ = {isa = XCBuildConfiguration; buildSettings = {ALWAYS_SEARCH_USER_PATHS = NO; CLANG_ENABLE_MODULES = YES; SWIFT_VERSION = 5.0; IPHONEOS_DEPLOYMENT_TARGET = 17.0; SDKROOT = iphoneos; PRODUCT_NAME = "$(TARGET_NAME)"; INFOPLIST_FILE = Info.plist; TARGETED_DEVICE_FAMILY = "1,2"; }; name = Debug; };
		D4147F9DEB4AD84BF3A14790 /* Release */ = {isa = XCBuildConfiguration; buildSettings = {ALWAYS_SEARCH_USER_PATHS = NO; CLANG_ENABLE_MODULES = YES; SWIFT_VERSION = 5.0; IPHONEOS_DEPLOYMENT_TARGET = 17.0; SDKROOT = iphoneos; PRODUCT_NAME = "$(TARGET_NAME)"; INFOPLIST_FILE = Info.plist; TARGETED_DEVICE_FAMILY = "1,2"; }; name = Release; };
		12653BB3A8FD0E8749A549D2 /* Debug */ = {isa = XCBuildConfiguration; buildSettings = {ASSETCATALOG_COMPILER_APPICON_NAME = AppIcon; CODE_SIGN_STYLE = Automatic; CURRENT_PROJECT_VERSION = 1; GENERATE_INFOPLIST_FILE = NO; INFOPLIST_FILE = Info.plist; IPHONEOS_DEPLOYMENT_TARGET = 17.0; MARKETING_VERSION = 1.0; PRODUCT_BUNDLE_IDENTIFIER = com.chatapp.ChatApp; PRODUCT_NAME = "$(TARGET_NAME)"; SWIFT_VERSION = 5.0; TARGETED_DEVICE_FAMILY = "1,2"; }; name = Debug; };
		89DC1C44C857E7A88B9FADAA /* Release */ = {isa = XCBuildConfiguration; buildSettings = {ASSETCATALOG_COMPILER_APPICON_NAME = AppIcon; CODE_SIGN_STYLE = Automatic; CURRENT_PROJECT_VERSION = 1; GENERATE_INFOPLIST_FILE = NO; INFOPLIST_FILE = Info.plist; IPHONEOS_DEPLOYMENT_TARGET = 17.0; MARKETING_VERSION = 1.0; PRODUCT_BUNDLE_IDENTIFIER = com.chatapp.ChatApp; PRODUCT_NAME = "$(TARGET_NAME)"; SWIFT_VERSION = 5.0; TARGETED_DEVICE_FAMILY = "1,2"; }; name = Release; };
		97F095DCB76B3BEBE8A459AD /* Build configuration list for PBXProject */ = {isa = XCConfigurationList; buildConfigurations = (71307F56FE0F050CBFE8BD6D, D4147F9DEB4AD84BF3A14790); defaultConfigurationIsVisible = 0; defaultConfigurationName = Release; };
		8BB0CCC9761739512BC12458 /* Build configuration list for PBXNativeTarget */ = {isa = XCConfigurationList; buildConfigurations = (12653BB3A8FD0E8749A549D2, 89DC1C44C857E7A88B9FADAA); defaultConfigurationIsVisible = 0; defaultConfigurationName = Release; };
		42AEFBAE01D2DFD981F7DA7D /* ChatApp */ = {isa = PBXNativeTarget; buildConfigurationList = 8BB0CCC9761739512BC12458 /* Build configuration list for PBXNativeTarget */; buildPhases = (F2AB5FB218DA8B84623F4557, 4F6F5CC3FCCF73F75AE9CCF4, 55B558C7EF820E6E00E5993B); buildRules = (); dependencies = (); name = ChatApp; productName = ChatApp; productReference = F5BF48AA40CAD7891EB709FC /* ChatApp.app */; productType = "com.apple.product-type.application"; };
		46F86FAA6BBF9AC94A7E4595 /* Project object */ = {isa = PBXProject; attributes = {LastUpgradeCheck = 1600; TargetAttributes = {42AEFBAE01D2DFD981F7DA7D = {CreatedOnToolsVersion = 16.0; }; }; }; buildConfigurationList = 97F095DCB76B3BEBE8A459AD /* Build configuration list for PBXProject */; compatibilityVersion = "Xcode 14.0"; developmentRegion = en; hasScannedForEncodings = 0; knownRegions = (en, Base); mainGroup = DB0F6F37EBEB6EA094891243 /* ChatApp */; productRefGroup = 86024CAD1E83101D97359D73 /* Products */; projectDirPath = ""; projectRoot = ""; targets = (42AEFBAE01D2DFD981F7DA7D /* ChatApp */); };
	};
	rootObject = 46F86FAA6BBF9AC94A7E4595 /* Project object */;
}
